
Microsoft Visual Studio Solution File, Format Version 12.00
# Visual Studio Version 16
VisualStudioVersion = 16.0.31402.337
MinimumVisualStudioVersion = 10.0.40219.1
Project("{FAE04EC0-301F-11D3-BF4B-00C04F79EFBC}") = "StockData.Worker", "StockData.Worker\StockData.Worker.csproj", "{19C15B9A-F2F0-47C5-A6F6-4DE8A4FF77F6}"
EndProject
Project("{FAE04EC0-301F-11D3-BF4B-00C04F79EFBC}") = "StockData.Data", "StockData.Data\StockData.Data.csproj", "{6AFA70A3-A140-4DA7-A7AC-0E03DDC63EEA}"
EndProject
Project("{FAE04EC0-301F-11D3-BF4B-00C04F79EFBC}") = "StockData.StockManaging", "StockData.StockManaging\StockData.StockManaging.csproj", "{42A0E7AD-8A45-403B-9F6A-EA7F35EDC003}"
EndProject
Global
	GlobalSection(SolutionConfigurationPlatforms) = preSolution
		Debug|Any CPU = Debug|Any CPU
		Release|Any CPU = Release|Any CPU
	EndGlobalSection
	GlobalSection(ProjectConfigurationPlatforms) = postSolution
		{19C15B9A-F2F0-47C5-A6F6-4DE8A4FF77F6}.Debug|Any CPU.ActiveCfg = Debug|Any CPU
		{19C15B9A-F2F0-47C5-A6F6-4DE8A4FF77F6}.Debug|Any CPU.Build.0 = Debug|Any CPU
		{19C15B9A-F2F0-47C5-A6F6-4DE8A4FF77F6}.Release|Any CPU.ActiveCfg = Release|Any CPU
		{19C15B9A-F2F0-47C5-A6F6-4DE8A4FF77F6}.Release|Any CPU.Build.0 = Release|Any CPU
		{6AFA70A3-A140-4DA7-A7AC-0E03DDC63EEA}.Debug|Any CPU.ActiveCfg = Debug|Any CPU
		{6AFA70A3-A140-4DA7-A7AC-0E03DDC63EEA}.Debug|Any CPU.Build.0 = Debug|Any CPU
		{6AFA70A3-A140-4DA7-A7AC-0E03DDC63EEA}.Release|Any CPU.ActiveCfg = Release|Any CPU
		{6AFA70A3-A140-4DA7-A7AC-0E03DDC63EEA}.Release|Any CPU.Build.0 = Release|Any CPU
		{42A0E7AD-8A45-403B-9F6A-EA7F35EDC003}.Debug|Any CPU.ActiveCfg = Debug|Any CPU
		{42A0E7AD-8A45-403B-9F6A-EA7F35EDC003}.Debug|Any CPU.Build.0 = Debug|Any CPU
		{42A0E7AD-8A45-403B-9F6A-EA7F35EDC003}.Release|Any CPU.ActiveCfg = Release|Any CPU
		{42A0E7AD-8A45-403B-9F6A-EA7F35EDC003}.Release|Any CPU.Build.0 = Release|Any CPU
	EndGlobalSection
	GlobalSection(SolutionProperties) = preSolution
		HideSolutionNode = FALSE
	EndGlobalSection
	GlobalSection(ExtensibilityGlobals) = postSolution
		SolutionGuid = {989173D0-FA8E-473F-A26D-4C3D07BC70F2}
	EndGlobalSection
EndGlobal
